// !$*UTF8*$!
{
	archiveVersion = 1;
	classes = {
	};
	objectVersion = 50;
	objects = {

/* Begin PBXBuildFile section */
		E97201B3257FEA4300345309 /* AppDelegate.swift in Sources */ = {isa = PBXBuildFile; fileRef = E97201B2257FEA4300345309 /* AppDelegate.swift */; };
		E97201B5257FEA4300345309 /* SceneDelegate.swift in Sources */ = {isa = PBXBuildFile; fileRef = E97201B4257FEA4300345309 /* SceneDelegate.swift */; };
		E97201B7257FEA4300345309 /* FirstViewController.swift in Sources */ = {isa = PBXBuildFile; fileRef = E97201B6257FEA4300345309 /* FirstViewController.swift */; };
		E97201BA257FEA4300345309 /* Main.storyboard in Resources */ = {isa = PBXBuildFile; fileRef = E97201B8257FEA4300345309 /* Main.storyboard */; };
		E97201BC257FEA4600345309 /* Assets.xcassets in Resources */ = {isa = PBXBuildFile; fileRef = E97201BB257FEA4600345309 /* Assets.xcassets */; };
		E97201BF257FEA4600345309 /* LaunchScreen.storyboard in Resources */ = {isa = PBXBuildFile; fileRef = E97201BD257FEA4600345309 /* LaunchScreen.storyboard */; };
		E97201DF2580035500345309 /* PrimaryButt.swift in Sources */ = {isa = PBXBuildFile; fileRef = E97201DE2580035500345309 /* PrimaryButt.swift */; };
/* End PBXBuildFile section */

/* Begin PBXFileReference section */
		E97201AF257FEA4300345309 /* Home_Work_4.1.app */ = {isa = PBXFileReference; explicitFileType = wrapper.application; includeInIndex = 0; path = Home_Work_4.1.app; sourceTree = BUILT_PRODUCTS_DIR; };
		E97201B2257FEA4300345309 /* AppDelegate.swift */ = {isa = PBXFileReference; lastKnownFileType = sourcecode.swift; path = AppDelegate.swift; sourceTree = "<group>"; };
		E97201B4257FEA4300345309 /* SceneDelegate.swift */ = {isa = PBXFileReference; lastKnownFileType = sourcecode.swift; path = SceneDelegate.swift; sourceTree = "<group>"; };
		E97201B6257FEA4300345309 /* FirstViewController.swift */ = {isa = PBXFileReference; lastKnownFileType = sourcecode.swift; name = FirstViewController.swift; path = ../FirstViewController.swift; sourceTree = "<group>"; };
		E97201B9257FEA4300345309 /* Base */ = {isa = PBXFileReference; lastKnownFileType = file.storyboard; name = Base; path = Base.lproj/Main.storyboard; sourceTree = "<group>"; };
		E97201BB257FEA4600345309 /* Assets.xcassets */ = {isa = PBXFileReference; lastKnownFileType = folder.assetcatalog; path = Assets.xcassets; sourceTree = "<group>"; };
		E97201BE257FEA4600345309 /* Base */ = {isa = PBXFileReference; lastKnownFileType = file.storyboard; name = Base; path = Base.lproj/LaunchScreen.storyboard; sourceTree = "<group>"; };
		E97201C0257FEA4600345309 /* Info.plist */ = {isa = PBXFileReference; lastKnownFileType = text.plist.xml; path = Info.plist; sourceTree = "<group>"; };
		E97201DE2580035500345309 /* PrimaryButt.swift */ = {isa = PBXFileReference; lastKnownFileType = sourcecode.swift; path = PrimaryButt.swift; sourceTree = "<group>"; };
/* End PBXFileReference section */

/* Begin PBXFrameworksBuildPhase section */
		E97201AC257FEA4300345309 /* Frameworks */ = {
			isa = PBXFrameworksBuildPhase;
			buildActionMask = 2147483647;
			files = (
			);
			runOnlyForDeploymentPostprocessing = 0;
		};
/* End PBXFrameworksBuildPhase section */

/* Begin PBXGroup section */
		E97201A6257FEA4300345309 = {
			isa = PBXGroup;
			children = (
				E97201B1257FEA4300345309 /* Home_Work_4.1 */,
				E97201B0257FEA4300345309 /* Products */,
			);
			sourceTree = "<group>";
		};
		E97201B0257FEA4300345309 /* Products */ = {
			isa = PBXGroup;
			children = (
				E97201AF257FEA4300345309 /* Home_Work_4.1.app */,
			);
			name = Products;
			sourceTree = "<group>";
		};
		E97201B1257FEA4300345309 /* Home_Work_4.1 */ = {
			isa = PBXGroup;
			children = (
				E97201D2257FF99500345309 /* Designable */,
				E97201D1257FF98A00345309 /* Controllers */,
				E97201B2257FEA4300345309 /* AppDelegate.swift */,
				E97201B4257FEA4300345309 /* SceneDelegate.swift */,
				E97201B8257FEA4300345309 /* Main.storyboard */,
				E97201BB257FEA4600345309 /* Assets.xcassets */,
				E97201BD257FEA4600345309 /* LaunchScreen.storyboard */,
				E97201C0257FEA4600345309 /* Info.plist */,
			);
			path = Home_Work_4.1;
			sourceTree = "<group>";
		};
		E97201D1257FF98A00345309 /* Controllers */ = {
			isa = PBXGroup;
			children = (
				E97201B6257FEA4300345309 /* FirstViewController.swift */,
			);
			path = Controllers;
			sourceTree = "<group>";
		};
		E97201D2257FF99500345309 /* Designable */ = {
			isa = PBXGroup;
			children = (
				E97201DE2580035500345309 /* PrimaryButt.swift */,
			);
			path = Designable;
			sourceTree = "<group>";
		};
/* End PBXGroup section */

/* Begin PBXNativeTarget section */
		E97201AE257FEA4300345309 /* Home_Work_4.1 */ = {
			isa = PBXNativeTarget;
			buildConfigurationList = E97201C3257FEA4600345309 /* Build configuration list for PBXNativeTarget "Home_Work_4.1" */;
			buildPhases = (
				E97201AB257FEA4300345309 /* Sources */,
				E97201AC257FEA4300345309 /* Frameworks */,
				E97201AD257FEA4300345309 /* Resources */,
			);
			buildRules = (
			);
			dependencies = (
			);
			name = Home_Work_4.1;
			productName = Home_Work_4.1;
			productReference = E97201AF257FEA4300345309 /* Home_Work_4.1.app */;
			productType = "com.apple.product-type.application";
		};
/* End PBXNativeTarget section */

/* Begin PBXProject section */
		E97201A7257FEA4300345309 /* Project object */ = {
			isa = PBXProject;
			attributes = {
				LastSwiftUpdateCheck = 1220;
				LastUpgradeCheck = 1220;
				TargetAttributes = {
					E97201AE257FEA4300345309 = {
						CreatedOnToolsVersion = 12.2;
					};
				};
			};
			buildConfigurationList = E97201AA257FEA4300345309 /* Build configuration list for PBXProject "Home_Work_4.1" */;
			compatibilityVersion = "Xcode 9.3";
			developmentRegion = en;
			hasScannedForEncodings = 0;
			knownRegions = (
				en,
				Base,
			);
			mainGroup = E97201A6257FEA4300345309;
			productRefGroup = E97201B0257FEA4300345309 /* Products */;
			projectDirPath = "";
			projectRoot = "";
			targets = (
				E97201AE257FEA4300345309 /* Home_Work_4.1 */,
			);
		};
/* End PBXProject section */

/* Begin PBXResourcesBuildPhase section */
		E97201AD257FEA4300345309 /* Resources */ = {
			isa = PBXResourcesBuildPhase;
			buildActionMask = 2147483647;
			files = (
				E97201BF257FEA4600345309 /* LaunchScreen.storyboard in Resources */,
				E97201BC257FEA4600345309 /* Assets.xcassets in Resources */,
				E97201BA257FEA4300345309 /* Main.storyboard in Resources */,
			);
			runOnlyForDeploymentPostprocessing = 0;
		};
/* End PBXResourcesBuildPhase section */

/* Begin PBXSourcesBuildPhase section */
		E97201AB257FEA4300345309 /* Sources */ = {
			isa = PBXSourcesBuildPhase;
			buildActionMask = 2147483647;
			files = (
				E97201B7257FEA4300345309 /* FirstViewController.swift in Sources */,
				E97201B3257FEA4300345309 /* AppDelegate.swift in Sources */,
				E97201DF2580035500345309 /* PrimaryButt.swift in Sources */,
				E97201B5257FEA4300345309 /* SceneDelegate.swift in Sources */,
			);
			runOnlyForDeploymentPostprocessing = 0;
		};
/* End PBXSourcesBuildPhase section */

/* Begin PBXVariantGroup section */
		E97201B8257FEA4300345309 /* Main.storyboard */ = {
			isa = PBXVariantGroup;
			children = (
				E97201B9257FEA4300345309 /* Base */,
			);
			name = Main.storyboard;
			sourceTree = "<group>";
		};
		E97201BD257FEA4600345309 /* LaunchScreen.storyboard */ = {
			isa = PBXVariantGroup;
			children = (
				E97201BE257FEA4600345309 /* Base */,
			);
			name = LaunchScreen.storyboard;
			sourceTree = "<group>";
		};
/* End PBXVariantGroup section */

/* Begin XCBuildConfiguration section */
		E97201C1257FEA4600345309 /* Debug */ = {
			isa = XCBuildConfiguration;
			buildSettings = {
				ALWAYS_SEARCH_USER_PATHS = NO;
				CLANG_ANALYZER_NONNULL = YES;
				CLANG_ANALYZER_NUMBER_OBJECT_CONVERSION = YES_AGGRESSIVE;
				CLANG_CXX_LANGUAGE_STANDARD = "gnu++14";
				CLANG_CXX_LIBRARY = "libc++";
				CLANG_ENABLE_MODULES = YES;
				CLANG_ENABLE_OBJC_ARC = YES;
				CLANG_ENABLE_OBJC_WEAK = YES;
				CLANG_WARN_BLOCK_CAPTURE_AUTORELEASING = YES;
				CLANG_WARN_BOOL_CONVERSION = YES;
				CLANG_WARN_COMMA = YES;
				CLANG_WARN_CONSTANT_CONVERSION = YES;
				CLANG_WARN_DEPRECATED_OBJC_IMPLEMENTATIONS = YES;
				CLANG_WARN_DIRECT_OBJC_ISA_USAGE = YES_ERROR;
				CLANG_WARN_DOCUMENTATION_COMMENTS = YES;
				CLANG_WARN_EMPTY_BODY = YES;
				CLANG_WARN_ENUM_CONVERSION = YES;
				CLANG_WARN_INFINITE_RECURSION = YES;
				CLANG_WARN_INT_CONVERSION = YES;
				CLANG_WARN_NON_LITERAL_NULL_CONVERSION = YES;
				CLANG_WARN_OBJC_IMPLICIT_RETAIN_SELF = YES;
				CLANG_WARN_OBJC_LITERAL_CONVERSION = YES;
				CLANG_WARN_OBJC_ROOT_CLASS = YES_ERROR;
				CLANG_WARN_QUOTED_INCLUDE_IN_FRAMEWORK_HEADER = YES;
				CLANG_WARN_RANGE_LOOP_ANALYSIS = YES;
				CLANG_WARN_STRICT_PROTOTYPES = YES;
				CLANG_WARN_SUSPICIOUS_MOVE = YES;
				CLANG_WARN_UNGUARDED_AVAILABILITY = YES_AGGRESSIVE;
				CLANG_WARN_UNREACHABLE_CODE = YES;
				CLANG_WARN__DUPLICATE_METHOD_MATCH = YES;
				COPY_PHASE_STRIP = NO;
				DEBUG_INFORMATION_FORMAT = dwarf;
				ENABLE_STRICT_OBJC_MSGSEND = YES;
				ENABLE_TESTABILITY = YES;
				GCC_C_LANGUAGE_STANDARD = gnu11;
				GCC_DYNAMIC_NO_PIC = NO;
				GCC_NO_COMMON_BLOCKS = YES;
				GCC_OPTIMIZATION_LEVEL = 0;
				GCC_PREPROCESSOR_DEFINITIONS = (
					"DEBUG=1",
					"$(inherited)",
				);
				GCC_WARN_64_TO_32_BIT_CONVERSION = YES;
				GCC_WARN_ABOUT_RETURN_TYPE = YES_ERROR;
				GCC_WARN_UNDECLARED_SELECTOR = YES;
				GCC_WARN_UNINITIALIZED_AUTOS = YES_AGGRESSIVE;
				GCC_WARN_UNUSED_FUNCTION = YES;
				GCC_WARN_UNUSED_VARIABLE = YES;
				IPHONEOS_DEPLOYMENT_TARGET = 14.2;
				MTL_ENABLE_DEBUG_INFO = INCLUDE_SOURCE;
				MTL_FAST_MATH = YES;
				ONLY_ACTIVE_ARCH = YES;
				SDKROOT = iphoneos;
				SWIFT_ACTIVE_COMPILATION_CONDITIONS = DEBUG;
				SWIFT_OPTIMIZATION_LEVEL = "-Onone";
			};
			name = Debug;
		};
		E97201C2257FEA4600345309 /* Release */ = {
			isa = XCBuildConfiguration;
			buildSettings = {
				ALWAYS_SEARCH_USER_PATHS = NO;
				CLANG_ANALYZER_NONNULL = YES;
				CLANG_ANALYZER_NUMBER_OBJECT_CONVERSION = YES_AGGRESSIVE;
				CLANG_CXX_LANGUAGE_STANDARD = "gnu++14";
				CLANG_CXX_LIBRARY = "libc++";
				CLANG_ENABLE_MODULES = YES;
				CLANG_ENABLE_OBJC_ARC = YES;
				CLANG_ENABLE_OBJC_WEAK = YES;
				CLANG_WARN_BLOCK_CAPTURE_AUTORELEASING = YES;
				CLANG_WARN_BOOL_CONVERSION = YES;
				CLANG_WARN_COMMA = YES;
				CLANG_WARN_CONSTANT_CONVERSION = YES;
				CLANG_WARN_DEPRECATED_OBJC_IMPLEMENTATIONS = YES;
				CLANG_WARN_DIRECT_OBJC_ISA_USAGE = YES_ERROR;
				CLANG_WARN_DOCUMENTATION_COMMENTS = YES;
				CLANG_WARN_EMPTY_BODY = YES;
				CLANG_WARN_ENUM_CONVERSION = YES;
				CLANG_WARN_INFINITE_RECURSION = YES;
				CLANG_WARN_INT_CONVERSION = YES;
				CLANG_WARN_NON_LITERAL_NULL_CONVERSION = YES;
				CLANG_WARN_OBJC_IMPLICIT_RETAIN_SELF = YES;
				CLANG_WARN_OBJC_LITERAL_CONVERSION = YES;
				CLANG_WARN_OBJC_ROOT_CLASS = YES_ERROR;
				CLANG_WARN_QUOTED_INCLUDE_IN_FRAMEWORK_HEADER = YES;
				CLANG_WARN_RANGE_LOOP_ANALYSIS = YES;
				CLANG_WARN_STRICT_PROTOTYPES = YES;
				CLANG_WARN_SUSPICIOUS_MOVE = YES;
				CLANG_WARN_UNGUARDED_AVAILABILITY = YES_AGGRESSIVE;
				CLANG_WARN_UNREACHABLE_CODE = YES;
				CLANG_WARN__DUPLICATE_METHOD_MATCH = YES;
				COPY_PHASE_STRIP = NO;
				DEBUG_INFORMATION_FORMAT = "dwarf-with-dsym";
				ENABLE_NS_ASSERTIONS = NO;
				ENABLE_STRICT_OBJC_MSGSEND = YES;
				GCC_C_LANGUAGE_STANDARD = gnu11;
				GCC_NO_COMMON_BLOCKS = YES;
				GCC_WARN_64_TO_32_BIT_CONVERSION = YES;
				GCC_WARN_ABOUT_RETURN_TYPE = YES_ERROR;
				GCC_WARN_UNDECLARED_SELECTOR = YES;
				GCC_WARN_UNINITIALIZED_AUTOS = YES_AGGRESSIVE;
				GCC_WARN_UNUSED_FUNCTION = YES;
				GCC_WARN_UNUSED_VARIABLE = YES;
				IPHONEOS_DEPLOYMENT_TARGET = 14.2;
				MTL_ENABLE_DEBUG_INFO = NO;
				MTL_FAST_MATH = YES;
				SDKROOT = iphoneos;
				SWIFT_COMPILATION_MODE = wholemodule;
				SWIFT_OPTIMIZATION_LEVEL = "-O";
				VALIDATE_PRODUCT = YES;
			};
			name = Release;
		};
		E97201C4257FEA4600345309 /* Debug */ = {
			isa = XCBuildConfiguration;
			buildSettings = {
				ASSETCATALOG_COMPILER_APPICON_NAME = AppIcon;
				ASSETCATALOG_COMPILER_GLOBAL_ACCENT_COLOR_NAME = AccentColor;
				CODE_SIGN_STYLE = Automatic;
				INFOPLIST_FILE = Home_Work_4.1/Info.plist;
				LD_RUNPATH_SEARCH_PATHS = (
					"$(inherited)",
					"@executable_path/Frameworks",
				);
				PRODUCT_BUNDLE_IDENTIFIER = "com.Pavel.Home-Work-4-1";
				PRODUCT_NAME = "$(TARGET_NAME)";
				SWIFT_VERSION = 5.0;
				TARGETED_DEVICE_FAMILY = 1;
			};
			name = Debug;
		};
		E97201C5257FEA4600345309 /* Release */ = {
			isa = XCBuildConfiguration;
			buildSettings = {
				ASSETCATALOG_COMPILER_APPICON_NAME = AppIcon;
				ASSETCATALOG_COMPILER_GLOBAL_ACCENT_COLOR_NAME = AccentColor;
				CODE_SIGN_STYLE = Automatic;
				INFOPLIST_FILE = Home_Work_4.1/Info.plist;
				LD_RUNPATH_SEARCH_PATHS = (
					"$(inherited)",
					"@executable_path/Frameworks",
				);
				PRODUCT_BUNDLE_IDENTIFIER = "com.Pavel.Home-Work-4-1";
				PRODUCT_NAME = "$(TARGET_NAME)";
				SWIFT_VERSION = 5.0;
				TARGETED_DEVICE_FAMILY = 1;
			};
			name = Release;
		};
/* End XCBuildConfiguration section */

/* Begin XCConfigurationList section */
		E97201AA257FEA4300345309 /* Build configuration list for PBXProject "Home_Work_4.1" */ = {
			isa = XCConfigurationList;
			buildConfigurations = (
				E97201C1257FEA4600345309 /* Debug */,
				E97201C2257FEA4600345309 /* Release */,
			);
			defaultConfigurationIsVisible = 0;
			defaultConfigurationName = Release;
		};
		E97201C3257FEA4600345309 /* Build configuration list for PBXNativeTarget "Home_Work_4.1" */ = {
			isa = XCConfigurationList;
			buildConfigurations = (
				E97201C4257FEA4600345309 /* Debug */,
				E97201C5257FEA4600345309 /* Release */,
			);
			defaultConfigurationIsVisible = 0;
			defaultConfigurationName = Release;
		};
/* End XCConfigurationList section */
	};
	rootObject = E97201A7257FEA4300345309 /* Project object */;
}
